
Microsoft Visual Studio Solution File, Format Version 12.00
# Visual Studio Version 17
VisualStudioVersion = 17.6.33723.286
MinimumVisualStudioVersion = 10.0.40219.1
Project("{FAE04EC0-301F-11D3-BF4B-00C04F79EFBC}") = "BulkyWeb", "BulkyWeb\BulkyWeb.csproj", "{757A4124-7CF6-4AE2-BA7A-B72F79CCC846}"
EndProject
Global
	GlobalSection(SolutionConfigurationPlatforms) = preSolution
		Debug|Any CPU = Debug|Any CPU
		Release|Any CPU = Release|Any CPU
	EndGlobalSection
	GlobalSection(ProjectConfigurationPlatforms) = postSolution
		{757A4124-7CF6-4AE2-BA7A-B72F79CCC846}.Debug|Any CPU.ActiveCfg = Debug|Any CPU
		{757A4124-7CF6-4AE2-BA7A-B72F79CCC846}.Debug|Any CPU.Build.0 = Debug|Any CPU
		{757A4124-7CF6-4AE2-BA7A-B72F79CCC846}.Release|Any CPU.ActiveCfg = Release|Any CPU
		{757A4124-7CF6-4AE2-BA7A-B72F79CCC846}.Release|Any CPU.Build.0 = Release|Any CPU
	EndGlobalSection
	GlobalSection(SolutionProperties) = preSolution
		HideSolutionNode = FALSE
	EndGlobalSection
	GlobalSection(ExtensibilityGlobals) = postSolution
		SolutionGuid = {8DBC08CF-9652-43C9-AE35-61B1E71AB9F2}
	EndGlobalSection
EndGlobal
